{
    "_meta": {
        "hash": {
            "sha256": "6639edd3ae176063bfb8c123f660660bcfb98b014f0cf349c846574528ddec43"
        },
        "pipfile-spec": 6,
        "requires": {
            "python_version": "3.6"
        },
        "sources": [
            {
                "name": "pypi",
                "url": "https://pypi.org/simple",
                "verify_ssl": true
            }
        ]
    },
    "default": {
        "appnope": {
            "hashes": [
                "sha256:5b26757dc6f79a3b7dc9fab95359328d5747fcb2409d331ea66d0272b90ab2a0",
                "sha256:8b995ffe925347a2138d7ac0fe77155e4311a0ea6d6da4f5128fe4b3cbe5ed71"
            ],
            "markers": "sys_platform == 'darwin'",
            "version": "==0.1.0"
        },
        "backcall": {
            "hashes": [
                "sha256:38ecd85be2c1e78f77fd91700c76e14667dc21e2713b63876c0eb901196e01e4",
                "sha256:bbbf4b1e5cd2bdb08f915895b51081c041bac22394fdfcfdfbe9f14b77c08bf2"
            ],
            "version": "==0.1.0"
        },
        "decorator": {
            "hashes": [
                "sha256:2c51dff8ef3c447388fe5e4453d24a2bf128d3a4c32af3fabef1f01c6851ab82",
                "sha256:c39efa13fbdeb4506c476c9b3babf6a718da943dab7811c206005a4a956c080c"
            ],
            "version": "==4.3.0"
        },
        "ipython": {
            "hashes": [
                "sha256:47b17ea874454a5c2eacc2732b04a750d260b01ba479323155ac8a39031f5535",
                "sha256:9fed506c3772c875a3048bc134a25e6f5e997b1569b2636f6a5d891f34cbfd46"
            ],
            "index": "pypi",
            "version": "==7.0.1"
        },
        "ipython-genutils": {
            "hashes": [
                "sha256:72dd37233799e619666c9f639a9da83c34013a73e8bbc79a7a6348d93c61fab8",
                "sha256:eb2e116e75ecef9d4d228fdc66af54269afa26ab4463042e33785b887c628ba8"
            ],
            "version": "==0.2.0"
        },
        "jedi": {
            "hashes": [
                "sha256:b409ed0f6913a701ed474a614a3bb46e6953639033e31f769ca7581da5bd1ec1",
                "sha256:c254b135fb39ad76e78d4d8f92765ebc9bf92cbc76f49e97ade1d5f5121e1f6f"
            ],
            "version": "==0.12.1"
        },
        "mock": {
            "hashes": [
                "sha256:5ce3c71c5545b472da17b72268978914d0252980348636840bd34a00b5cc96c1",
                "sha256:b158b6df76edd239b8208d481dc46b6afd45a846b7812ff0ce58971cf5bc8bba"
            ],
            "index": "pypi",
            "version": "==2.0.0"
        },
        "numpy": {
            "hashes": [
                "sha256:1b1cf8f7300cf7b11ddb4250b3898c711a6187df05341b5b7153db23ffe5d498",
                "sha256:27a0d018f608a3fe34ac5e2b876f4c23c47e38295c47dd0775cc294cd2614bc1",
                "sha256:3fde172e28c899580d32dc21cb6d4a1225d62362f61050b654545c662eac215a",
                "sha256:497d7c86df4f85eb03b7f58a7dd0f8b948b1f582e77629341f624ba301b4d204",
                "sha256:4e28e66cf80c09a628ae680efeb0aa9a066eb4bb7db2a5669024c5b034891576",
                "sha256:58be95faf0ca2d886b5b337e7cba2923e3ad1224b806a91223ea39f1e0c77d03",
                "sha256:5b4dfb6551eaeaf532054e2c6ef4b19c449c2e3a709ebdde6392acb1372ecabc",
                "sha256:63f833a7c622e9082df3cbaf03b4fd92d7e0c11e2f9d87cb57dbf0e84441964b",
                "sha256:71bf3b7ca15b1967bba3a1ef6a8e87286382a8b5e46ac76b42a02fe787c5237d",
                "sha256:733dc5d47e71236263837825b69c975bc08728ae638452b34aeb1d6fa347b780",
                "sha256:82f00a1e2695a0e5b89879aa25ea614530b8ebdca6d49d4834843d498e8a5e92",
                "sha256:866bf72b9c3bfabe4476d866c70ee1714ad3e2f7b7048bb934892335e7b6b1f7",
                "sha256:8aeac8b08f4b8c52129518efcd93706bb6d506ccd17830b67d18d0227cf32d9e",
                "sha256:8d2cfb0aef7ec8759736cce26946efa084cdf49797712333539ef7d135e0295e",
                "sha256:981224224bbf44d95278eb37996162e8beb6f144d2719b144e86dfe2fce6c510",
                "sha256:981daff58fa3985a26daa4faa2b726c4e7a1d45178100125c0e1fdaf2ac64978",
                "sha256:9ad36dbfdbb0cba90a08e7343fadf86f43cf6d87450e8d2b5d71d7c7202907e4",
                "sha256:a251570bb3cb04f1627f23c234ad09af0e54fc8194e026cf46178f2e5748d647",
                "sha256:b5ff7dae352fd9e1edddad1348698e9fea14064460a7e39121ef9526745802e6",
                "sha256:c898f9cca806102fcacb6309899743aa39efb2ad2a302f4c319f54db9f05cd84",
                "sha256:cf4b970042ce148ad8dce4369c02a4078b382dadf20067ce2629c239d76460d1",
                "sha256:d1569013e8cc8f37e9769d19effdd85e404c976cd0ca28a94e3ddc026c216ae8",
                "sha256:dca261e85fe0d34b2c242ecb31c9ab693509af2cf955d9caf01ee3ef3669abd0",
                "sha256:ec8bf53ef7c92c99340972519adbe122e82c81d5b87cbd955c74ba8a8cd2a4ad",
                "sha256:f2e55726a9ee2e8129d6ce6abb466304868051bcc7a09d652b3b07cd86e801a2",
                "sha256:f4dee74f2626c783a3804df9191e9008946a104d5a284e52427a53ff576423cb",
                "sha256:f592fd7fe1f20b5041928cce1330937eca62f9058cb41e69c2c2d83cffc0d1e3",
                "sha256:ffab5b80bba8c86251291b8ce2e6c99a61446459d4c6637f5d5cc8c9ce37c972"
            ],
            "index": "pypi",
            "version": "==1.15.2"
        },
        "parso": {
            "hashes": [
                "sha256:35704a43a3c113cce4de228ddb39aab374b8004f4f2407d070b6a2ca784ce8a2",
                "sha256:895c63e93b94ac1e1690f5fdd40b65f07c8171e3e53cbd7793b5b96c0e0a7f24"
            ],
            "version": "==0.3.1"
        },
        "pbr": {
            "hashes": [
                "sha256:1b8be50d938c9bb75d0eaf7eda111eec1bf6dc88a62a6412e33bf077457e0f45",
                "sha256:b486975c0cafb6beeb50ca0e17ba047647f229087bd74e37f4a7e2cac17d2caa"
            ],
            "version": "==4.2.0"
        },
        "pexpect": {
            "hashes": [
                "sha256:2a8e88259839571d1251d278476f3eec5db26deb73a70be5ed5dc5435e418aba",
                "sha256:3fbd41d4caf27fa4a377bfd16fef87271099463e6fa73e92a52f92dfee5d425b"
            ],
            "markers": "sys_platform != 'win32'",
            "version": "==4.6.0"
        },
        "pickleshare": {
            "hashes": [
                "sha256:87683d47965c1da65cdacaf31c8441d12b8044cdec9aca500cd78fc2c683afca",
                "sha256:9649af414d74d4df115d5d718f82acb59c9d418196b7b4290ed47a12ce62df56"
            ],
            "version": "==0.7.5"
        },
        "prompt-toolkit": {
            "hashes": [
                "sha256:12e076b21178064b5627f74c4819559c125e31046b55a28d5e024b85fef5617e",
                "sha256:f2289fe9dd7f27c305421bffe880a543b04cc67660796a2a912595dbcd0d209f",
                "sha256:ff58ce8bb82c11c43416dd3eec7701dcbe8c576e2d7649f1d2b9d21a2fd93808"
            ],
            "version": "==2.0.4"
        },
        "ptyprocess": {
            "hashes": [
                "sha256:923f299cc5ad920c68f2bc0bc98b75b9f838b93b599941a6b63ddbc2476394c0",
                "sha256:d7cc528d76e76342423ca640335bd3633420dc1366f258cb31d05e865ef5ca1f"
            ],
            "version": "==0.6.0"
        },
        "pygments": {
            "hashes": [
                "sha256:78f3f434bcc5d6ee09020f92ba487f95ba50f1e3ef83ae96b9d5ffa1bab25c5d",
                "sha256:dbae1046def0efb574852fab9e90209b23f556367b5a320c0bcb871c77c3e8cc"
            ],
            "version": "==2.2.0"
        },
        "simplegeneric": {
            "hashes": [
                "sha256:dc972e06094b9af5b855b3df4a646395e43d1c9d0d39ed345b7393560d0b9173"
            ],
            "version": "==0.8.1"
        },
        "six": {
            "hashes": [
                "sha256:70e8a77beed4562e7f14fe23a786b54f6296e34344c23bc42f07b15018ff98e9",
                "sha256:832dc0e10feb1aa2c68dcc57dbb658f1c7e65b9b61af69048abc87a2db00a0eb"
            ],
            "version": "==1.11.0"
        },
        "traitlets": {
            "hashes": [
                "sha256:9c4bd2d267b7153df9152698efb1050a5d84982d3384a37b2c1f7723ba3e7835",
                "sha256:c6cb5e6f57c5a9bdaa40fa71ce7b4af30298fbab9ece9815b5d995ab6217c7d9"
            ],
            "version": "==4.3.2"
        },
        "wcwidth": {
            "hashes": [
                "sha256:3df37372226d6e63e1b1e1eda15c594bca98a22d33a23832a90998faa96bc65e",
                "sha256:f4ebe71925af7b40a864553f761ed559b43544f8f71746c2d756c7fe788ade7c"
            ],
            "version": "==0.1.7"
        }
    },
    "develop": {}
}
